
Microsoft Visual Studio Solution File, Format Version 12.00
# Visual Studio Version 16
VisualStudioVersion = 16.0.29424.173
MinimumVisualStudioVersion = 10.0.40219.1
Project("{FAE04EC0-301F-11D3-BF4B-00C04F79EFBC}") = "scisaASP MVC", "scisaASP MVC\scisaASP MVC.csproj", "{AB5089F2-985F-477F-9499-02B5639F5FC4}"
EndProject
Global
	GlobalSection(SolutionConfigurationPlatforms) = preSolution
		Debug|Any CPU = Debug|Any CPU
		Release|Any CPU = Release|Any CPU
	EndGlobalSection
	GlobalSection(ProjectConfigurationPlatforms) = postSolution
		{AB5089F2-985F-477F-9499-02B5639F5FC4}.Debug|Any CPU.ActiveCfg = Debug|Any CPU
		{AB5089F2-985F-477F-9499-02B5639F5FC4}.Debug|Any CPU.Build.0 = Debug|Any CPU
		{AB5089F2-985F-477F-9499-02B5639F5FC4}.Release|Any CPU.ActiveCfg = Release|Any CPU
		{AB5089F2-985F-477F-9499-02B5639F5FC4}.Release|Any CPU.Build.0 = Release|Any CPU
	EndGlobalSection
	GlobalSection(SolutionProperties) = preSolution
		HideSolutionNode = FALSE
	EndGlobalSection
	GlobalSection(ExtensibilityGlobals) = postSolution
		SolutionGuid = {728F7A3F-DAD5-470B-AD63-21E6BD29F729}
	EndGlobalSection
EndGlobal
